
Microsoft Visual Studio Solution File, Format Version 12.00
# Visual Studio Version 17
VisualStudioVersion = 17.5.33424.131
MinimumVisualStudioVersion = 10.0.40219.1
Project("{FAE04EC0-301F-11D3-BF4B-00C04F79EFBC}") = "HWClass03", "HWClass03.csproj", "{FCC471AD-8179-4854-9BAE-A6328907D5C0}"
EndProject
Project("{FAE04EC0-301F-11D3-BF4B-00C04F79EFBC}") = "Models", "..\Models\Models.csproj", "{9498E850-EDA4-413E-B5F9-CE4DCF05DD02}"
EndProject
Global
	GlobalSection(SolutionConfigurationPlatforms) = preSolution
		Debug|Any CPU = Debug|Any CPU
		Release|Any CPU = Release|Any CPU
	EndGlobalSection
	GlobalSection(ProjectConfigurationPlatforms) = postSolution
		{FCC471AD-8179-4854-9BAE-A6328907D5C0}.Debug|Any CPU.ActiveCfg = Debug|Any CPU
		{FCC471AD-8179-4854-9BAE-A6328907D5C0}.Debug|Any CPU.Build.0 = Debug|Any CPU
		{FCC471AD-8179-4854-9BAE-A6328907D5C0}.Release|Any CPU.ActiveCfg = Release|Any CPU
		{FCC471AD-8179-4854-9BAE-A6328907D5C0}.Release|Any CPU.Build.0 = Release|Any CPU
		{9498E850-EDA4-413E-B5F9-CE4DCF05DD02}.Debug|Any CPU.ActiveCfg = Debug|Any CPU
		{9498E850-EDA4-413E-B5F9-CE4DCF05DD02}.Debug|Any CPU.Build.0 = Debug|Any CPU
		{9498E850-EDA4-413E-B5F9-CE4DCF05DD02}.Release|Any CPU.ActiveCfg = Release|Any CPU
		{9498E850-EDA4-413E-B5F9-CE4DCF05DD02}.Release|Any CPU.Build.0 = Release|Any CPU
	EndGlobalSection
	GlobalSection(SolutionProperties) = preSolution
		HideSolutionNode = FALSE
	EndGlobalSection
	GlobalSection(ExtensibilityGlobals) = postSolution
		SolutionGuid = {7D4F9194-A6B8-4A9D-BDEC-A28FEE7A9DAE}
	EndGlobalSection
EndGlobal
